Microsoft Visual Studio Solution File, Format Version 9.00
# Visual Studio 2005
Project("{8BC9CEB8-8B4A-11D0-8D11-00A0C91BC942}") = "TcpHole", "TcpHole.vcproj", "{48CC422A-0BB6-4E82-98EF-E7EE13C78AFC}"
	ProjectSection(ProjectDependencies) = postProject
		{C008431B-1A9E-4056-BEBD-151EDB1176A1} = {C008431B-1A9E-4056-BEBD-151EDB1176A1}
	EndProjectSection
EndProject
Project("{8BC9CEB8-8B4A-11D0-8D11-00A0C91BC942}") = "TCPIP", "..\TCPIP\TCPIP.vcproj", "{C008431B-1A9E-4056-BEBD-151EDB1176A1}"
EndProject
Project("{8BC9CEB8-8B4A-11D0-8D11-00A0C91BC942}") = "TCPHoleC", "..\TCPHoleC\TCPHoleC.vcproj", "{8FEEBAAE-F41B-489C-AD29-5F72FEE03B42}"
EndProject
Global
	GlobalSection(SolutionConfigurationPlatforms) = preSolution
		Debug|Win32 = Debug|Win32
		Release|Win32 = Release|Win32
	EndGlobalSection
	GlobalSection(ProjectConfigurationPlatforms) = postSolution
		{48CC422A-0BB6-4E82-98EF-E7EE13C78AFC}.Debug|Win32.ActiveCfg = Debug|Win32
		{48CC422A-0BB6-4E82-98EF-E7EE13C78AFC}.Debug|Win32.Build.0 = Debug|Win32
		{48CC422A-0BB6-4E82-98EF-E7EE13C78AFC}.Release|Win32.ActiveCfg = Release|Win32
		{48CC422A-0BB6-4E82-98EF-E7EE13C78AFC}.Release|Win32.Build.0 = Release|Win32
		{C008431B-1A9E-4056-BEBD-151EDB1176A1}.Debug|Win32.ActiveCfg = Debug|Win32
		{C008431B-1A9E-4056-BEBD-151EDB1176A1}.Debug|Win32.Build.0 = Debug|Win32
		{C008431B-1A9E-4056-BEBD-151EDB1176A1}.Release|Win32.ActiveCfg = Release|Win32
		{C008431B-1A9E-4056-BEBD-151EDB1176A1}.Release|Win32.Build.0 = Release|Win32
		{8FEEBAAE-F41B-489C-AD29-5F72FEE03B42}.Debug|Win32.ActiveCfg = Debug|Win32
		{8FEEBAAE-F41B-489C-AD29-5F72FEE03B42}.Debug|Win32.Build.0 = Debug|Win32
		{8FEEBAAE-F41B-489C-AD29-5F72FEE03B42}.Release|Win32.ActiveCfg = Release|Win32
		{8FEEBAAE-F41B-489C-AD29-5F72FEE03B42}.Release|Win32.Build.0 = Release|Win32
	EndGlobalSection
	GlobalSection(SolutionProperties) = preSolution
		HideSolutionNode = FALSE
	EndGlobalSection
EndGlobal
